
Microsoft Visual Studio Solution File, Format Version 12.00
# Visual Studio Version 17
VisualStudioVersion = 17.8.34330.188
MinimumVisualStudioVersion = 10.0.40219.1
Project("{FAE04EC0-301F-11D3-BF4B-00C04F79EFBC}") = "OracleApi.WebApi", "OracleApi.WebApi\OracleApi.WebApi.csproj", "{BD7EE3F1-E5F9-4F19-8A19-718C3A6EC461}"
EndProject
Project("{FAE04EC0-301F-11D3-BF4B-00C04F79EFBC}") = "Oracle.DataAccess", "Oracle.DataAccess\Oracle.DataAccess.csproj", "{46AB4E6E-6886-42DF-B756-088D465404AF}"
EndProject
Global
	GlobalSection(SolutionConfigurationPlatforms) = preSolution
		Debug|Any CPU = Debug|Any CPU
		Release|Any CPU = Release|Any CPU
	EndGlobalSection
	GlobalSection(ProjectConfigurationPlatforms) = postSolution
		{BD7EE3F1-E5F9-4F19-8A19-718C3A6EC461}.Debug|Any CPU.ActiveCfg = Debug|Any CPU
		{BD7EE3F1-E5F9-4F19-8A19-718C3A6EC461}.Debug|Any CPU.Build.0 = Debug|Any CPU
		{BD7EE3F1-E5F9-4F19-8A19-718C3A6EC461}.Release|Any CPU.ActiveCfg = Release|Any CPU
		{BD7EE3F1-E5F9-4F19-8A19-718C3A6EC461}.Release|Any CPU.Build.0 = Release|Any CPU
		{46AB4E6E-6886-42DF-B756-088D465404AF}.Debug|Any CPU.ActiveCfg = Debug|Any CPU
		{46AB4E6E-6886-42DF-B756-088D465404AF}.Debug|Any CPU.Build.0 = Debug|Any CPU
		{46AB4E6E-6886-42DF-B756-088D465404AF}.Release|Any CPU.ActiveCfg = Release|Any CPU
		{46AB4E6E-6886-42DF-B756-088D465404AF}.Release|Any CPU.Build.0 = Release|Any CPU
	EndGlobalSection
	GlobalSection(SolutionProperties) = preSolution
		HideSolutionNode = FALSE
	EndGlobalSection
	GlobalSection(ExtensibilityGlobals) = postSolution
		SolutionGuid = {0606F9E8-A2A8-41EB-94CD-7AEA5B9E4D17}
	EndGlobalSection
EndGlobal
